# This file is generated by running "yarn install" inside your project.
# Manual changes might be lost - proceed with caution!

__metadata:
  version: 10
  cacheKey: 10c0

"@electron-internal/extract-zip@npm:^1.0.1":
  version: 1.0.5
  resolution: "@electron-internal/extract-zip@npm:1.0.5"
  checksum: 10c0/d3341937dcb37097fd4927b7e5dfb7cb6b1ba56a42b00d62a55a7a9bbd093545dd8c6711ab39b321b2696d968b2cc32c29ed9d60a1fa6aa1665588e03e60d4e1
  languageName: node
  linkType: hard

"@electron/get@npm:^5.0.0":
  version: 5.1.0
  resolution: "@electron/get@npm:5.1.0"
  dependencies:
    debug: "npm:^4.1.1"
    env-paths: "npm:^3.0.0"
    graceful-fs: "npm:^4.2.11"
    progress: "npm:^2.0.3"
    semver: "npm:^7.6.3"
    sumchecker: "npm:^3.0.1"
    undici: "npm:^7.24.4"
  dependenciesMeta:
    undici:
      optional: true
  checksum: 10c0/50e037c7f64197a6efcd219a0796566422c3fec056134144530da4a15c8bfaa0c5e7233bcc0c9a56ccb1b4c5d86878da6911d237a527684d70619dfd7a3f9675
  languageName: node
  linkType: hard

"@types/node@npm:^24.9.0":
  version: 24.13.3
  resolution: "@types/node@npm:24.13.3"
  dependencies:
    undici-types: "npm:~7.18.0"
  checksum: 10c0/a5bc08f49b9581dcdca90e02cd77197a3c799840807664942e5cd5161a553d4d2ae8064f7e3294410d748d7d098b5c1848be7fa50c06f29c4193ab16be4e59eb
  languageName: node
  linkType: hard

"debug@npm:^4.1.0, debug@npm:^4.1.1":
  version: 4.4.3
  resolution: "debug@npm:4.4.3"
  dependencies:
    ms: "npm:^2.1.3"
  peerDependenciesMeta:
    supports-color:
      optional: true
  checksum: 10c0/d79136ec6c83ecbefd0f6a5593da6a9c91ec4d7ddc4b54c883d6e71ec9accb5f67a1a5e96d00a328196b5b5c86d365e98d8a3a70856aaf16b4e7b1985e67f5a6
  languageName: node
  linkType: hard

"electron@npm:^44.0.0":
  version: 44.0.0
  resolution: "electron@npm:44.0.0"
  dependencies:
    "@electron-internal/extract-zip": "npm:^1.0.1"
    "@electron/get": "npm:^5.0.0"
    "@types/node": "npm:^24.9.0"
  bin:
    electron: cli.js
    install-electron: install.js
  checksum: 10c0/50fa36d8f3a56f499934ee3077a98f866fd216ac69d05ebed6200613f905fce893365b4ad9bb299272daeaebd1354b668e45f40948d85cd213489faee46ab305
  languageName: node
  linkType: hard

"env-paths@npm:^3.0.0":
  version: 3.0.0
  resolution: "env-paths@npm:3.0.0"
  checksum: 10c0/76dec878cee47f841103bacd7fae03283af16f0702dad65102ef0a556f310b98a377885e0f32943831eb08b5ab37842a323d02529f3dfd5d0a40ca71b01b435f
  languageName: node
  linkType: hard

"glavbook@workspace:.":
  version: 0.0.0-use.local
  resolution: "glavbook@workspace:."
  dependencies:
    electron: "npm:^44.0.0"
  dependenciesMeta:
    electron@44.0.0:
      unplugged: true
  languageName: unknown
  linkType: soft

"graceful-fs@npm:^4.2.11":
  version: 4.2.11
  resolution: "graceful-fs@npm:4.2.11"
  checksum: 10c0/386d011a553e02bc594ac2ca0bd6d9e4c22d7fa8cfbfc448a6d148c59ea881b092db9dbe3547ae4b88e55f1b01f7c4a2ecc53b310c042793e63aa44cf6c257f2
  languageName: node
  linkType: hard

"ms@npm:^2.1.3":
  version: 2.1.3
  resolution: "ms@npm:2.1.3"
  checksum: 10c0/d924b57e7312b3b63ad21fc5b3dc0af5e78d61a1fc7cfb5457edaf26326bf62be5307cc87ffb6862ef1c2b33b0233cdb5d4f01c4c958cc0d660948b65a287a48
  languageName: node
  linkType: hard

"progress@npm:^2.0.3":
  version: 2.0.3
  resolution: "progress@npm:2.0.3"
  checksum: 10c0/1697e07cb1068055dbe9fe858d242368ff5d2073639e652b75a7eb1f2a1a8d4afd404d719de23c7b48481a6aa0040686310e2dac2f53d776daa2176d3f96369c
  languageName: node
  linkType: hard

"semver@npm:^7.6.3":
  version: 7.8.5
  resolution: "semver@npm:7.8.5"
  bin:
    semver: bin/semver.js
  checksum: 10c0/b1f3127a5be8125a94f37188b361c212466c292c6910adce3ec106cff5dc211ccaedc4739c11bb70fda59d6fc1f040a9bca289f4e093451521a2372e5231fe0c
  languageName: node
  linkType: hard

"sumchecker@npm:^3.0.1":
  version: 3.0.1
  resolution: "sumchecker@npm:3.0.1"
  dependencies:
    debug: "npm:^4.1.0"
  checksum: 10c0/43c387be9dfe22dbeaf39dfa4ffb279847aeb37a42a8988c0b066f548bbd209aa8c65e03da29f2b29be1a66b577801bf89fff0007df4183db2f286263a9569e5
  languageName: node
  linkType: hard

"undici-types@npm:~7.18.0":
  version: 7.18.2
  resolution: "undici-types@npm:7.18.2"
  checksum: 10c0/85a79189113a238959d7a647368e4f7c5559c3a404ebdb8fc4488145ce9426fcd82252a844a302798dfc0e37e6fb178ff481ed03bc4caf634c5757d9ef43521d
  languageName: node
  linkType: hard

"undici@npm:^7.24.4":
  version: 7.29.0
  resolution: "undici@npm:7.29.0"
  checksum: 10c0/85ea96e91e7f3de24de678cbbc54230fdd641a3b0643005f2aef044af1f1a2db8fbecb88b28e6fa78bb41ffeafda4479b57075b6b6ab92beac4b7b5ab53f9b10
  languageName: node
  linkType: hard
